// !$*UTF8*$!
{
	archiveVersion = 1;
	classes = {
	};
	objectVersion = 77;
	objects = {

/* Begin PBXBuildFile section */
		42A286C63312FC1CF51F993F /* Pods_Sockes.framework in Frameworks */ = {isa = PBXBuildFile; fileRef = CFC24174325F9F69295CCC3B /* Pods_Sockes.framework */; };
		FYK8E65710X8Z49387FO170V /* SocSessionController.swift in Sources */ = {isa = PBXBuildFile; fileRef = KFCEE331J2G247E9Q208913P /* SocSessionController.swift */; };
		GW1W4994I4K261O9G6RL8D58 /* SocMoodNewsController.swift in Sources */ = {isa = PBXBuildFile; fileRef = VC50FHBYVN34638NP912925H /* SocMoodNewsController.swift */; };
		HG4196P24R12K08822COF782 /* SocCleanerView.swift in Sources */ = {isa = PBXBuildFile; fileRef = SZ18261C1UHT1770291S5288 /* SocCleanerView.swift */; };
		HJP5T5368C996CT5TFNY113Z /* SocCenterObject.swift in Sources */ = {isa = PBXBuildFile; fileRef = EC0011491T1E3G7375095096 /* SocCenterObject.swift */; };
		VQ202S021076B6216W8E380D /* SocSessionAuthController.swift in Sources */ = {isa = PBXBuildFile; fileRef = VKY790L81MLEPC7Z0621KI58 /* SocSessionAuthController.swift */; };
		VX27SB15V4LK2225M5M62227 /* SocScreenController.swift in Sources */ = {isa = PBXBuildFile; fileRef = QR809S241SM58VF20T236914 /* SocScreenController.swift */; };
		XF5682X88Y53V857K4X267W4 /* SocDetailSceneObject.swift in Sources */ = {isa = PBXBuildFile; fileRef = DV81657XU91B7A2C1X1L3240 /* SocDetailSceneObject.swift */; };
/* End PBXBuildFile section */

/* Begin PBXFileReference section */
		9F0D51EC8FCFBDE886522EB4 /* Pods-Sockes.release.xcconfig */ = {isa = PBXFileReference; includeInIndex = 1; lastKnownFileType = text.xcconfig; name = "Pods-Sockes.release.xcconfig"; path = "Target Support Files/Pods-Sockes/Pods-Sockes.release.xcconfig"; sourceTree = "<group>"; };
		C21FE8184E8356923DF90B22 /* Pods-Sockes.debug.xcconfig */ = {isa = PBXFileReference; includeInIndex = 1; lastKnownFileType = text.xcconfig; name = "Pods-Sockes.debug.xcconfig"; path = "Target Support Files/Pods-Sockes/Pods-Sockes.debug.xcconfig"; sourceTree = "<group>"; };
		CFC24174325F9F69295CCC3B /* Pods_Sockes.framework */ = {isa = PBXFileReference; explicitFileType = wrapper.framework; includeInIndex = 0; path = Pods_Sockes.framework; sourceTree = BUILT_PRODUCTS_DIR; };
		DV81657XU91B7A2C1X1L3240 /* SocDetailSceneObject.swift */ = {isa = PBXFileReference; fileEncoding = 4; lastKnownFileType = sourcecode.c.swift; path = SocDetailSceneObject.swift; sourceTree = "<group>"; };
		EC0011491T1E3G7375095096 /* SocCenterObject.swift */ = {isa = PBXFileReference; fileEncoding = 4; lastKnownFileType = sourcecode.c.swift; path = SocCenterObject.swift; sourceTree = "<group>"; };
		G4739R688R1W34N6AQ0569N1 /* Sockes.app */ = {isa = PBXFileReference; explicitFileType = wrapper.application; includeInIndex = 0; path = Sockes.app; sourceTree = BUILT_PRODUCTS_DIR; };
		KFCEE331J2G247E9Q208913P /* SocSessionController.swift */ = {isa = PBXFileReference; fileEncoding = 4; lastKnownFileType = sourcecode.c.swift; path = SocSessionController.swift; sourceTree = "<group>"; };
		QR809S241SM58VF20T236914 /* SocScreenController.swift */ = {isa = PBXFileReference; fileEncoding = 4; lastKnownFileType = sourcecode.c.swift; path = SocScreenController.swift; sourceTree = "<group>"; };
		SZ18261C1UHT1770291S5288 /* SocCleanerView.swift */ = {isa = PBXFileReference; fileEncoding = 4; lastKnownFileType = sourcecode.c.swift; path = SocCleanerView.swift; sourceTree = "<group>"; };
		VC50FHBYVN34638NP912925H /* SocMoodNewsController.swift */ = {isa = PBXFileReference; fileEncoding = 4; lastKnownFileType = sourcecode.c.swift; path = SocMoodNewsController.swift; sourceTree = "<group>"; };
		VKY790L81MLEPC7Z0621KI58 /* SocSessionAuthController.swift */ = {isa = PBXFileReference; fileEncoding = 4; lastKnownFileType = sourcecode.c.swift; path = SocSessionAuthController.swift; sourceTree = "<group>"; };
/* End PBXFileReference section */

/* Begin PBXFileSystemSynchronizedBuildFileExceptionSet section */
		833B9V8Q20845Z564RR6LRB3 /* Exceptions for "Sockes" folder in "Sockes" target */ = {
			isa = PBXFileSystemSynchronizedBuildFileExceptionSet;
			membershipExceptions = (
				Info.plist,
			);
			target = H5J58665PU635D5213F3G926 /* Sockes */;
		};
/* End PBXFileSystemSynchronizedBuildFileExceptionSet section */

/* Begin PBXFileSystemSynchronizedRootGroup section */
		53712IM0008D3807S670802Y /* Sockes */ = {
			isa = PBXFileSystemSynchronizedRootGroup;
			exceptions = (
				833B9V8Q20845Z564RR6LRB3 /* Exceptions for "Sockes" folder in "Sockes" target */,
			);
			path = Sockes;
			sourceTree = "<group>";
		};
/* End PBXFileSystemSynchronizedRootGroup section */

/* Begin PBXFrameworksBuildPhase section */
		491IIW8795B4ENIUH8C44455 /* Frameworks */ = {
			isa = PBXFrameworksBuildPhase;
			buildActionMask = 2147483647;
			files = (
				42A286C63312FC1CF51F993F /* Pods_Sockes.framework in Frameworks */,
			);
			runOnlyForDeploymentPostprocessing = 0;
		};
/* End PBXFrameworksBuildPhase section */

/* Begin PBXGroup section */
		6DBE9CCBD7B219C73D7A8FDF /* Frameworks */ = {
			isa = PBXGroup;
			children = (
				CFC24174325F9F69295CCC3B /* Pods_Sockes.framework */,
			);
			name = Frameworks;
			sourceTree = "<group>";
		};
		CD3C311E74A4775F16C30D32 /* Pods */ = {
			isa = PBXGroup;
			children = (
				C21FE8184E8356923DF90B22 /* Pods-Sockes.debug.xcconfig */,
				9F0D51EC8FCFBDE886522EB4 /* Pods-Sockes.release.xcconfig */,
			);
			path = Pods;
			sourceTree = "<group>";
		};
		FCIEJV331R220592161103F8 /* prompeg */ = {
			isa = PBXGroup;
			children = (
				QR809S241SM58VF20T236914 /* SocScreenController.swift */,
				SZ18261C1UHT1770291S5288 /* SocCleanerView.swift */,
				DV81657XU91B7A2C1X1L3240 /* SocDetailSceneObject.swift */,
				KFCEE331J2G247E9Q208913P /* SocSessionController.swift */,
				EC0011491T1E3G7375095096 /* SocCenterObject.swift */,
				VC50FHBYVN34638NP912925H /* SocMoodNewsController.swift */,
				VKY790L81MLEPC7Z0621KI58 /* SocSessionAuthController.swift */,
			);
			path = prompeg;
			sourceTree = "<group>";
		};
		H3060ZR6715P98S591U32U16 /* Products */ = {
			isa = PBXGroup;
			children = (
				G4739R688R1W34N6AQ0569N1 /* Sockes.app */,
			);
			name = Products;
			sourceTree = "<group>";
		};
		J114303691304B68897ZR2T3 = {
			isa = PBXGroup;
			children = (
				53712IM0008D3807S670802Y /* Sockes */,
				H3060ZR6715P98S591U32U16 /* Products */,
				FCIEJV331R220592161103F8 /* prompeg */,
				CD3C311E74A4775F16C30D32 /* Pods */,
				6DBE9CCBD7B219C73D7A8FDF /* Frameworks */,
			);
			sourceTree = "<group>";
		};
/* End PBXGroup section */

/* Begin PBXNativeTarget section */
		H5J58665PU635D5213F3G926 /* Sockes */ = {
			isa = PBXNativeTarget;
			buildConfigurationList = 315ZSD97WJ4A81447F9C685J /* Build configuration list for PBXNativeTarget "Sockes" */;
			buildPhases = (
				C273C8476A8503DE6C858E9D /* [CP] Check Pods Manifest.lock */,
				12A42700D6115XC0TUC89351 /* Sources */,
				491IIW8795B4ENIUH8C44455 /* Frameworks */,
				97AI178B5114S3T78Z039QR0 /* Resources */,
			);
			buildRules = (
			);
			dependencies = (
			);
			fileSystemSynchronizedGroups = (
				53712IM0008D3807S670802Y /* Sockes */,
			);
			name = Sockes;
			productName = Sockes;
			productReference = G4739R688R1W34N6AQ0569N1 /* Sockes.app */;
			productType = "com.apple.product-type.application";
		};
/* End PBXNativeTarget section */

/* Begin PBXProject section */
		L82LN01D972AT0423U81O18I /* Project object */ = {
			isa = PBXProject;
			attributes = {
				BuildIndependentTargetsInParallel = 1;
				LastSwiftUpdateCheck = 2600;
				LastUpgradeCheck = 2600;
				TargetAttributes = {
					H5J58665PU635D5213F3G926 = {
						CreatedOnToolsVersion = 26.0.1;
					};
				};
			};
			buildConfigurationList = K52W94V4S8W92O0J14733286 /* Build configuration list for PBXProject "Sockes" */;
			developmentRegion = en;
			hasScannedForEncodings = 0;
			knownRegions = (
				en,
				Base,
			);
			mainGroup = J114303691304B68897ZR2T3;
			minimizedProjectReferenceProxies = 1;
			preferredProjectObjectVersion = 77;
			productRefGroup = H3060ZR6715P98S591U32U16 /* Products */;
			projectDirPath = "";
			projectRoot = "";
			targets = (
				H5J58665PU635D5213F3G926 /* Sockes */,
			);
		};
/* End PBXProject section */

/* Begin PBXResourcesBuildPhase section */
		97AI178B5114S3T78Z039QR0 /* Resources */ = {
			isa = PBXResourcesBuildPhase;
			buildActionMask = 2147483647;
			files = (
			);
			runOnlyForDeploymentPostprocessing = 0;
		};
/* End PBXResourcesBuildPhase section */

/* Begin PBXShellScriptBuildPhase section */
		C273C8476A8503DE6C858E9D /* [CP] Check Pods Manifest.lock */ = {
			isa = PBXShellScriptBuildPhase;
			buildActionMask = 2147483647;
			files = (
			);
			inputFileListPaths = (
			);
			inputPaths = (
				"${PODS_PODFILE_DIR_PATH}/Podfile.lock",
				"${PODS_ROOT}/Manifest.lock",
			);
			name = "[CP] Check Pods Manifest.lock";
			outputFileListPaths = (
			);
			outputPaths = (
				"$(DERIVED_FILE_DIR)/Pods-Sockes-checkManifestLockResult.txt",
			);
			runOnlyForDeploymentPostprocessing = 0;
			shellPath = /bin/sh;
			shellScript = "diff \"${PODS_PODFILE_DIR_PATH}/Podfile.lock\" \"${PODS_ROOT}/Manifest.lock\" > /dev/null\nif [ $? != 0 ] ; then\n    # print error to STDERR\n    echo \"error: The sandbox is not in sync with the Podfile.lock. Run 'pod install' or update your CocoaPods installation.\" >&2\n    exit 1\nfi\n# This output is used by Xcode 'outputs' to avoid re-running this script phase.\necho \"SUCCESS\" > \"${SCRIPT_OUTPUT_FILE_0}\"\n";
			showEnvVarsInLog = 0;
		};
/* End PBXShellScriptBuildPhase section */

/* Begin PBXSourcesBuildPhase section */
		12A42700D6115XC0TUC89351 /* Sources */ = {
			isa = PBXSourcesBuildPhase;
			buildActionMask = 2147483647;
			files = (
				VX27SB15V4LK2225M5M62227 /* SocScreenController.swift in Sources */,
				HG4196P24R12K08822COF782 /* SocCleanerView.swift in Sources */,
				XF5682X88Y53V857K4X267W4 /* SocDetailSceneObject.swift in Sources */,
				FYK8E65710X8Z49387FO170V /* SocSessionController.swift in Sources */,
				HJP5T5368C996CT5TFNY113Z /* SocCenterObject.swift in Sources */,
				GW1W4994I4K261O9G6RL8D58 /* SocMoodNewsController.swift in Sources */,
				VQ202S021076B6216W8E380D /* SocSessionAuthController.swift in Sources */,
			);
			runOnlyForDeploymentPostprocessing = 0;
		};
/* End PBXSourcesBuildPhase section */

/* Begin XCBuildConfiguration section */
		4M3Q0O51F470D3412PT293F0 /* Debug */ = {
			isa = XCBuildConfiguration;
			baseConfigurationReference = C21FE8184E8356923DF90B22 /* Pods-Sockes.debug.xcconfig */;
			buildSettings = {
				ASSETCATALOG_COMPILER_APPICON_NAME = AppIcon;
				ASSETCATALOG_COMPILER_GLOBAL_ACCENT_COLOR_NAME = AccentColor;
				CODE_SIGN_STYLE = Automatic;
				CURRENT_PROJECT_VERSION = 1;
				DEVELOPMENT_TEAM = JPTS6M4T5B;
				GENERATE_INFOPLIST_FILE = YES;
				INFOPLIST_FILE = Sockes/Info.plist;
				INFOPLIST_KEY_CFBundleDisplayName = MootCalls;
				INFOPLIST_KEY_NSCameraUsageDescription = "The app requires your permission to access the camera, which is used for video chatting with your close friends.";
				INFOPLIST_KEY_NSMicrophoneUsageDescription = "The app requires your permission to access the microphone, which is used for video chatting and voice communication.";
				INFOPLIST_KEY_NSPhotoLibraryUsageDescription = "The app requires your permission to access the photo album, which is used for selecting photos to post on the status or changing the profile picture.";
				INFOPLIST_KEY_UIApplicationSupportsIndirectInputEvents = YES;
				INFOPLIST_KEY_UILaunchStoryboardName = LaunchScreen;
				INFOPLIST_KEY_UISupportedInterfaceOrientations = UIInterfaceOrientationPortrait;
				INFOPLIST_KEY_UISupportedInterfaceOrientations_iPad = "UIInterfaceOrientationLandscapeLeft UIInterfaceOrientationLandscapeRight UIInterfaceOrientationPortrait UIInterfaceOrientationPortraitUpsideDown";
				IPHONEOS_DEPLOYMENT_TARGET = 15.6;
				LD_RUNPATH_SEARCH_PATHS = (
					"$(inherited)",
					"@executable_path/Frameworks",
				);
				MARKETING_VERSION = 1.0;
				PRODUCT_BUNDLE_IDENTIFIER = im.seex.lobo;
				PRODUCT_NAME = "$(TARGET_NAME)";
				STRING_CATALOG_GENERATE_SYMBOLS = YES;
				SUPPORTED_PLATFORMS = "iphoneos iphonesimulator";
				SUPPORTS_MACCATALYST = NO;
				SUPPORTS_MAC_DESIGNED_FOR_IPHONE_IPAD = NO;
				SWIFT_APPROACHABLE_CONCURRENCY = YES;
				SWIFT_DEFAULT_ACTOR_ISOLATION = MainActor;
				SWIFT_EMIT_LOC_STRINGS = YES;
				SWIFT_UPCOMING_FEATURE_MEMBER_IMPORT_VISIBILITY = YES;
				SWIFT_VERSION = 5.0;
				TARGETED_DEVICE_FAMILY = 1;
			};
			name = Debug;
		};
		62G36318C6OT2X8A99136526 /* Release */ = {
			isa = XCBuildConfiguration;
			baseConfigurationReference = 9F0D51EC8FCFBDE886522EB4 /* Pods-Sockes.release.xcconfig */;
			buildSettings = {
				ASSETCATALOG_COMPILER_APPICON_NAME = AppIcon;
				ASSETCATALOG_COMPILER_GLOBAL_ACCENT_COLOR_NAME = AccentColor;
				CODE_SIGN_STYLE = Manual;
				CURRENT_PROJECT_VERSION = 1;
				DEVELOPMENT_TEAM = "";
				GENERATE_INFOPLIST_FILE = YES;
				INFOPLIST_FILE = Sockes/Info.plist;
				INFOPLIST_KEY_CFBundleDisplayName = MootCalls;
				INFOPLIST_KEY_NSCameraUsageDescription = "The app requires your permission to access the camera, which is used for video chatting with your close friends.";
				INFOPLIST_KEY_NSMicrophoneUsageDescription = "The app requires your permission to access the microphone, which is used for video chatting and voice communication.";
				INFOPLIST_KEY_NSPhotoLibraryUsageDescription = "The app requires your permission to access the photo album, which is used for selecting photos to post on the status or changing the profile picture.";
				INFOPLIST_KEY_UIApplicationSupportsIndirectInputEvents = YES;
				INFOPLIST_KEY_UILaunchStoryboardName = LaunchScreen;
				INFOPLIST_KEY_UISupportedInterfaceOrientations = UIInterfaceOrientationPortrait;
				INFOPLIST_KEY_UISupportedInterfaceOrientations_iPad = "UIInterfaceOrientationLandscapeLeft UIInterfaceOrientationLandscapeRight UIInterfaceOrientationPortrait UIInterfaceOrientationPortraitUpsideDown";
				IPHONEOS_DEPLOYMENT_TARGET = 15.6;
				LD_RUNPATH_SEARCH_PATHS = (
					"$(inherited)",
					"@executable_path/Frameworks",
				);
				MARKETING_VERSION = 1.0;
				PRODUCT_BUNDLE_IDENTIFIER = com.qingxu.lookier;
				PRODUCT_NAME = "$(TARGET_NAME)";
				PROVISIONING_PROFILE_SPECIFIER = "";
				STRING_CATALOG_GENERATE_SYMBOLS = YES;
				SUPPORTED_PLATFORMS = "iphoneos iphonesimulator";
				SUPPORTS_MACCATALYST = NO;
				SUPPORTS_MAC_DESIGNED_FOR_IPHONE_IPAD = NO;
				SWIFT_APPROACHABLE_CONCURRENCY = YES;
				SWIFT_DEFAULT_ACTOR_ISOLATION = MainActor;
				SWIFT_EMIT_LOC_STRINGS = YES;
				SWIFT_UPCOMING_FEATURE_MEMBER_IMPORT_VISIBILITY = YES;
				SWIFT_VERSION = 5.0;
				TARGETED_DEVICE_FAMILY = 1;
			};
			name = Release;
		};
		EIF46RK8919M1B684BP452I4 /* Debug */ = {
			isa = XCBuildConfiguration;
			buildSettings = {
				ALWAYS_SEARCH_USER_PATHS = NO;
				ASSETCATALOG_COMPILER_GENERATE_SWIFT_ASSET_SYMBOL_EXTENSIONS = YES;
				CLANG_ANALYZER_NONNULL = YES;
				CLANG_ANALYZER_NUMBER_OBJECT_CONVERSION = YES_AGGRESSIVE;
				CLANG_CXX_LANGUAGE_STANDARD = "gnu++20";
				CLANG_ENABLE_MODULES = YES;
				CLANG_ENABLE_OBJC_ARC = YES;
				CLANG_ENABLE_OBJC_WEAK = YES;
				CLANG_WARN_BLOCK_CAPTURE_AUTORELEASING = YES;
				CLANG_WARN_BOOL_CONVERSION = YES;
				CLANG_WARN_COMMA = YES;
				CLANG_WARN_CONSTANT_CONVERSION = YES;
				CLANG_WARN_DEPRECATED_OBJC_IMPLEMENTATIONS = YES;
				CLANG_WARN_DIRECT_OBJC_ISA_USAGE = YES_ERROR;
				CLANG_WARN_DOCUMENTATION_COMMENTS = YES;
				CLANG_WARN_EMPTY_BODY = YES;
				CLANG_WARN_ENUM_CONVERSION = YES;
				CLANG_WARN_INFINITE_RECURSION = YES;
				CLANG_WARN_INT_CONVERSION = YES;
				CLANG_WARN_NON_LITERAL_NULL_CONVERSION = YES;
				CLANG_WARN_OBJC_IMPLICIT_RETAIN_SELF = YES;
				CLANG_WARN_OBJC_LITERAL_CONVERSION = YES;
				CLANG_WARN_OBJC_ROOT_CLASS = YES_ERROR;
				CLANG_WARN_QUOTED_INCLUDE_IN_FRAMEWORK_HEADER = YES;
				CLANG_WARN_RANGE_LOOP_ANALYSIS = YES;
				CLANG_WARN_STRICT_PROTOTYPES = YES;
				CLANG_WARN_SUSPICIOUS_MOVE = YES;
				CLANG_WARN_UNGUARDED_AVAILABILITY = YES_AGGRESSIVE;
				CLANG_WARN_UNREACHABLE_CODE = YES;
				CLANG_WARN__DUPLICATE_METHOD_MATCH = YES;
				COPY_PHASE_STRIP = NO;
				DEBUG_INFORMATION_FORMAT = dwarf;
				ENABLE_STRICT_OBJC_MSGSEND = YES;
				ENABLE_TESTABILITY = YES;
				ENABLE_USER_SCRIPT_SANDBOXING = YES;
				GCC_C_LANGUAGE_STANDARD = gnu17;
				GCC_DYNAMIC_NO_PIC = NO;
				GCC_NO_COMMON_BLOCKS = YES;
				GCC_OPTIMIZATION_LEVEL = 0;
				GCC_PREPROCESSOR_DEFINITIONS = (
					"DEBUG=1",
					"$(inherited)",
				);
				GCC_WARN_64_TO_32_BIT_CONVERSION = YES;
				GCC_WARN_ABOUT_RETURN_TYPE = YES_ERROR;
				GCC_WARN_UNDECLARED_SELECTOR = YES;
				GCC_WARN_UNINITIALIZED_AUTOS = YES_AGGRESSIVE;
				GCC_WARN_UNUSED_FUNCTION = YES;
				GCC_WARN_UNUSED_VARIABLE = YES;
				IPHONEOS_DEPLOYMENT_TARGET = 26.0;
				LOCALIZATION_PREFERS_STRING_CATALOGS = YES;
				MTL_ENABLE_DEBUG_INFO = INCLUDE_SOURCE;
				MTL_FAST_MATH = YES;
				ONLY_ACTIVE_ARCH = YES;
				SDKROOT = iphoneos;
				SWIFT_ACTIVE_COMPILATION_CONDITIONS = "DEBUG $(inherited)";
				SWIFT_OPTIMIZATION_LEVEL = "-Onone";
			};
			name = Debug;
		};
		IK92242T849837N8KCNU8SGT /* Release */ = {
			isa = XCBuildConfiguration;
			buildSettings = {
				ALWAYS_SEARCH_USER_PATHS = NO;
				ASSETCATALOG_COMPILER_GENERATE_SWIFT_ASSET_SYMBOL_EXTENSIONS = YES;
				CLANG_ANALYZER_NONNULL = YES;
				CLANG_ANALYZER_NUMBER_OBJECT_CONVERSION = YES_AGGRESSIVE;
				CLANG_CXX_LANGUAGE_STANDARD = "gnu++20";
				CLANG_ENABLE_MODULES = YES;
				CLANG_ENABLE_OBJC_ARC = YES;
				CLANG_ENABLE_OBJC_WEAK = YES;
				CLANG_WARN_BLOCK_CAPTURE_AUTORELEASING = YES;
				CLANG_WARN_BOOL_CONVERSION = YES;
				CLANG_WARN_COMMA = YES;
				CLANG_WARN_CONSTANT_CONVERSION = YES;
				CLANG_WARN_DEPRECATED_OBJC_IMPLEMENTATIONS = YES;
				CLANG_WARN_DIRECT_OBJC_ISA_USAGE = YES_ERROR;
				CLANG_WARN_DOCUMENTATION_COMMENTS = YES;
				CLANG_WARN_EMPTY_BODY = YES;
				CLANG_WARN_ENUM_CONVERSION = YES;
				CLANG_WARN_INFINITE_RECURSION = YES;
				CLANG_WARN_INT_CONVERSION = YES;
				CLANG_WARN_NON_LITERAL_NULL_CONVERSION = YES;
				CLANG_WARN_OBJC_IMPLICIT_RETAIN_SELF = YES;
				CLANG_WARN_OBJC_LITERAL_CONVERSION = YES;
				CLANG_WARN_OBJC_ROOT_CLASS = YES_ERROR;
				CLANG_WARN_QUOTED_INCLUDE_IN_FRAMEWORK_HEADER = YES;
				CLANG_WARN_RANGE_LOOP_ANALYSIS = YES;
				CLANG_WARN_STRICT_PROTOTYPES = YES;
				CLANG_WARN_SUSPICIOUS_MOVE = YES;
				CLANG_WARN_UNGUARDED_AVAILABILITY = YES_AGGRESSIVE;
				CLANG_WARN_UNREACHABLE_CODE = YES;
				CLANG_WARN__DUPLICATE_METHOD_MATCH = YES;
				COPY_PHASE_STRIP = NO;
				DEBUG_INFORMATION_FORMAT = "dwarf-with-dsym";
				ENABLE_NS_ASSERTIONS = NO;
				ENABLE_STRICT_OBJC_MSGSEND = YES;
				ENABLE_USER_SCRIPT_SANDBOXING = YES;
				GCC_C_LANGUAGE_STANDARD = gnu17;
				GCC_NO_COMMON_BLOCKS = YES;
				GCC_WARN_64_TO_32_BIT_CONVERSION = YES;
				GCC_WARN_ABOUT_RETURN_TYPE = YES_ERROR;
				GCC_WARN_UNDECLARED_SELECTOR = YES;
				GCC_WARN_UNINITIALIZED_AUTOS = YES_AGGRESSIVE;
				GCC_WARN_UNUSED_FUNCTION = YES;
				GCC_WARN_UNUSED_VARIABLE = YES;
				IPHONEOS_DEPLOYMENT_TARGET = 26.0;
				LOCALIZATION_PREFERS_STRING_CATALOGS = YES;
				MTL_ENABLE_DEBUG_INFO = NO;
				MTL_FAST_MATH = YES;
				SDKROOT = iphoneos;
				SWIFT_COMPILATION_MODE = wholemodule;
				VALIDATE_PRODUCT = YES;
			};
			name = Release;
		};
/* End XCBuildConfiguration section */

/* Begin XCConfigurationList section */
		315ZSD97WJ4A81447F9C685J /* Build configuration list for PBXNativeTarget "Sockes" */ = {
			isa = XCConfigurationList;
			buildConfigurations = (
				4M3Q0O51F470D3412PT293F0 /* Debug */,
				62G36318C6OT2X8A99136526 /* Release */,
			);
			defaultConfigurationIsVisible = 0;
			defaultConfigurationName = Release;
		};
		K52W94V4S8W92O0J14733286 /* Build configuration list for PBXProject "Sockes" */ = {
			isa = XCConfigurationList;
			buildConfigurations = (
				EIF46RK8919M1B684BP452I4 /* Debug */,
				IK92242T849837N8KCNU8SGT /* Release */,
			);
			defaultConfigurationIsVisible = 0;
			defaultConfigurationName = Release;
		};
/* End XCConfigurationList section */
	};
	rootObject = L82LN01D972AT0423U81O18I /* Project object */;
}
